# This file is machine-generated by `gh actions-lock`.
# Do not edit by hand; run `gh actions-lock` to update.
# Docs: https://gh.io/actions-lockfile
version: 'v0.0.2'
workflows:
    '.github/workflows/api-tests.yml':
        - 'actions/checkout@v4.2.2'
        - 'actions/setup-node@v4.2.0'
    '.github/workflows/emulator-harness.yml':
        - 'actions/checkout@v4.2.2'
dependencies:
    'actions/checkout@v4.2.2':
        ref: 'v4.2.2'
        commit: 'sha1-11bd71901bbe5b1630ceea73d27597364c9af683'
        owner_id: 44036562
        repo_id: 197814629
    'actions/setup-node@v4.2.0':
        ref: 'v4.2.0'
        commit: 'sha1-1d0ff469b7ec7b3cb9d8673fde0c81c44821de2a'
        owner_id: 44036562
        repo_id: 189476904
